
Microsoft Visual Studio Solution File, Format Version 12.00
# Visual Studio Version 16
VisualStudioVersion = 16.0.29905.134
MinimumVisualStudioVersion = 10.0.40219.1
Project("{9A19103F-16F7-4668-BE54-9A1E7A4F7556}") = "Drinko", "IthsLetsEatFastFood\Drinko.csproj", "{F5BA1698-00F7-4EC3-A126-945E4979B307}"
EndProject
Global
	GlobalSection(SolutionConfigurationPlatforms) = preSolution
		Debug|Any CPU = Debug|Any CPU
		Release|Any CPU = Release|Any CPU
	EndGlobalSection
	GlobalSection(ProjectConfigurationPlatforms) = postSolution
		{F5BA1698-00F7-4EC3-A126-945E4979B307}.Debug|Any CPU.ActiveCfg = Debug|Any CPU
		{F5BA1698-00F7-4EC3-A126-945E4979B307}.Debug|Any CPU.Build.0 = Debug|Any CPU
		{F5BA1698-00F7-4EC3-A126-945E4979B307}.Release|Any CPU.ActiveCfg = Release|Any CPU
		{F5BA1698-00F7-4EC3-A126-945E4979B307}.Release|Any CPU.Build.0 = Release|Any CPU
	EndGlobalSection
	GlobalSection(SolutionProperties) = preSolution
		HideSolutionNode = FALSE
	EndGlobalSection
	GlobalSection(ExtensibilityGlobals) = postSolution
		SolutionGuid = {31F0EA0E-C03C-49F6-BE6F-86C3BF18FCF5}
	EndGlobalSection
EndGlobal
